
Microsoft Visual Studio Solution File, Format Version 11.00
# Visual Studio 2010
Project("{FAE04EC0-301F-11D3-BF4B-00C04F79EFBC}") = "Assembly-CSharp", "Assembly-CSharp\Assembly-CSharp.csproj", "{EA4271A7-CE5B-46F6-9057-D29ADC99683B}"
EndProject
Global
	GlobalSection(SolutionConfigurationPlatforms) = preSolution
		Debug|Any CPU = Debug|Any CPU
		Release|Any CPU = Release|Any CPU
	EndGlobalSection
	GlobalSection(ProjectConfigurationPlatforms) = postSolution
		{EA4271A7-CE5B-46F6-9057-D29ADC99683B}.Debug|Any CPU.ActiveCfg = Debug|Any CPU
		{EA4271A7-CE5B-46F6-9057-D29ADC99683B}.Debug|Any CPU.Build.0 = Debug|Any CPU
		{EA4271A7-CE5B-46F6-9057-D29ADC99683B}.Release|Any CPU.ActiveCfg = Release|Any CPU
		{EA4271A7-CE5B-46F6-9057-D29ADC99683B}.Release|Any CPU.Build.0 = Release|Any CPU
	EndGlobalSection
	GlobalSection(SolutionProperties) = preSolution
		HideSolutionNode = FALSE
	EndGlobalSection
EndGlobal
